
Microsoft Visual Studio Solution File, Format Version 12.00
# Visual Studio 15
VisualStudioVersion = 15.0.27703.2035
MinimumVisualStudioVersion = 10.0.40219.1
Project("{FAE04EC0-301F-11D3-BF4B-00C04F79EFBC}") = "MotherGooseEditor", "MotherGooseEditor\MotherGooseEditor.csproj", "{82918BF8-A6FB-4496-8A16-6DA7E92C0E74}"
EndProject
Project("{FAE04EC0-301F-11D3-BF4B-00C04F79EFBC}") = "MGEGUI", "MGEGUI\MGEGUI.csproj", "{256B0CBD-9243-405F-B2EA-B8E357DAFD5F}"
EndProject
Global
	GlobalSection(SolutionConfigurationPlatforms) = preSolution
		Debug|Any CPU = Debug|Any CPU
		Release|Any CPU = Release|Any CPU
	EndGlobalSection
	GlobalSection(ProjectConfigurationPlatforms) = postSolution
		{82918BF8-A6FB-4496-8A16-6DA7E92C0E74}.Debug|Any CPU.ActiveCfg = Debug|Any CPU
		{82918BF8-A6FB-4496-8A16-6DA7E92C0E74}.Debug|Any CPU.Build.0 = Debug|Any CPU
		{82918BF8-A6FB-4496-8A16-6DA7E92C0E74}.Release|Any CPU.ActiveCfg = Release|Any CPU
		{82918BF8-A6FB-4496-8A16-6DA7E92C0E74}.Release|Any CPU.Build.0 = Release|Any CPU
		{256B0CBD-9243-405F-B2EA-B8E357DAFD5F}.Debug|Any CPU.ActiveCfg = Debug|Any CPU
		{256B0CBD-9243-405F-B2EA-B8E357DAFD5F}.Debug|Any CPU.Build.0 = Debug|Any CPU
		{256B0CBD-9243-405F-B2EA-B8E357DAFD5F}.Release|Any CPU.ActiveCfg = Release|Any CPU
		{256B0CBD-9243-405F-B2EA-B8E357DAFD5F}.Release|Any CPU.Build.0 = Release|Any CPU
	EndGlobalSection
	GlobalSection(SolutionProperties) = preSolution
		HideSolutionNode = FALSE
	EndGlobalSection
	GlobalSection(ExtensibilityGlobals) = postSolution
		SolutionGuid = {467569B6-4B1B-45D0-B13B-7683835C80B9}
	EndGlobalSection
EndGlobal
